
Microsoft Visual Studio Solution File, Format Version 12.00
# Visual Studio Version 17
VisualStudioVersion = 17.1.32328.378
MinimumVisualStudioVersion = 10.0.40219.1
Project("{FAE04EC0-301F-11D3-BF4B-00C04F79EFBC}") = "RegixValidationDemo", "RegixValidationDemo.csproj", "{96FB66DD-C7DE-4272-9C97-E25C777AA940}"
EndProject
Global
	GlobalSection(SolutionConfigurationPlatforms) = preSolution
		Debug|Any CPU = Debug|Any CPU
		Release|Any CPU = Release|Any CPU
	EndGlobalSection
	GlobalSection(ProjectConfigurationPlatforms) = postSolution
		{96FB66DD-C7DE-4272-9C97-E25C777AA940}.Debug|Any CPU.ActiveCfg = Debug|Any CPU
		{96FB66DD-C7DE-4272-9C97-E25C777AA940}.Debug|Any CPU.Build.0 = Debug|Any CPU
		{96FB66DD-C7DE-4272-9C97-E25C777AA940}.Release|Any CPU.ActiveCfg = Release|Any CPU
		{96FB66DD-C7DE-4272-9C97-E25C777AA940}.Release|Any CPU.Build.0 = Release|Any CPU
	EndGlobalSection
	GlobalSection(SolutionProperties) = preSolution
		HideSolutionNode = FALSE
	EndGlobalSection
	GlobalSection(ExtensibilityGlobals) = postSolution
		SolutionGuid = {571E6BD7-A02C-4AEA-830F-79DCFA40346C}
	EndGlobalSection
EndGlobal
